schema: '2.0'
stages:
  data_ingestion:
    cmd: python src/data/data_ingestion.py
    deps:
    - path: data/raw/youtube_bulk_raw.csv
      hash: md5
      md5: 38826f18e4f7974ec85dbfb44f126e28
      size: 8004127
    - path: src/data/data_ingestion.py
      hash: md5
      md5: 872f996650ef59886b91bac8239c42b2
      size: 4530
    params:
      params.yaml:
        data_ingestion.test_size: 0.2
    outs:
    - path: data/interim
      hash: md5
      md5: 2e459a3d403389235615f9734f584fe0.dir
      size: 4669386
      nfiles: 2
  data_preprocessing:
    cmd: python src/data/data_preprocessing.py
    deps:
    - path: data/interim/test.csv
      hash: md5
      md5: 0f10f8d6172efcb0f95169e7a87f466f
      size: 935203
    - path: data/interim/train.csv
      hash: md5
      md5: 7aa238e8475fd8f59434ea6a595532e6
      size: 3734183
    - path: src/data/data_preprocessing.py
      hash: md5
      md5: 32e238901c05cb15d2b6581167ff79eb
      size: 6792
    outs:
    - path: data/processed
      hash: md5
      md5: 0eb2e755359920d57628e113a8a29c33.dir
      size: 5965489
      nfiles: 2
  feature_engineering:
    cmd: python src/features/feature_engineering.py
    deps:
    - path: data/processed/test_processed.csv
      hash: md5
      md5: 7c27d1bf4829a329fdeca0a4f5801b45
      size: 1189626
    - path: data/processed/train_processed.csv
      hash: md5
      md5: 5097b3f1f711b181b9624a6876667dfa
      size: 4775863
    - path: src/features/feature_engineering.py
      hash: md5
      md5: 155be0568278b8b59f3eb9b0089ca3b9
      size: 5263
    params:
      params.yaml:
        feature_engineering.max_features: 10000
        feature_engineering.ngram_range:
        - 1
        - 3
    outs:
    - path: data/features
      hash: md5
      md5: c5863df3c6cde4640fbe62641319a316.dir
      size: 7781214
      nfiles: 6
