schema: '2.0'
stages:
  data_ingestion:
    cmd: python src/data/data_ingestion.py
    deps:
    - path: data/raw/youtube_bulk_raw.csv
      hash: md5
      md5: 38826f18e4f7974ec85dbfb44f126e28
      size: 8004127
    - path: src/data/data_ingestion.py
      hash: md5
      md5: f0e48f3dfd2477ab0c554d1c0ff8941d
      size: 4533
    params:
      params.yaml:
        data_ingestion.test_size: 0.2
    outs:
    - path: data/interim
      hash: md5
      md5: 2e459a3d403389235615f9734f584fe0.dir
      size: 4669386
      nfiles: 2
